
Microsoft Visual Studio Solution File, Format Version 12.00
# Visual Studio Version 16
VisualStudioVersion = 16.0.30011.22
MinimumVisualStudioVersion = 10.0.40219.1
Project("{FAE04EC0-301F-11D3-BF4B-00C04F79EFBC}") = "BomFinder", "BomFinder\BomFinder.csproj", "{BDABF0F3-63F1-4D12-B450-65A55E711B95}"
EndProject
Global
	GlobalSection(SolutionConfigurationPlatforms) = preSolution
		Debug|Any CPU = Debug|Any CPU
		Release|Any CPU = Release|Any CPU
	EndGlobalSection
	GlobalSection(ProjectConfigurationPlatforms) = postSolution
		{BDABF0F3-63F1-4D12-B450-65A55E711B95}.Debug|Any CPU.ActiveCfg = Debug|Any CPU
		{BDABF0F3-63F1-4D12-B450-65A55E711B95}.Debug|Any CPU.Build.0 = Debug|Any CPU
		{BDABF0F3-63F1-4D12-B450-65A55E711B95}.Release|Any CPU.ActiveCfg = Release|Any CPU
		{BDABF0F3-63F1-4D12-B450-65A55E711B95}.Release|Any CPU.Build.0 = Release|Any CPU
	EndGlobalSection
	GlobalSection(SolutionProperties) = preSolution
		HideSolutionNode = FALSE
	EndGlobalSection
	GlobalSection(ExtensibilityGlobals) = postSolution
		SolutionGuid = {CC7C2BEB-BE40-4188-B9D7-5C9FC894AB5A}
	EndGlobalSection
EndGlobal
